
Microsoft Visual Studio Solution File, Format Version 12.00
# Visual Studio Version 16
VisualStudioVersion = 16.0.30611.23
MinimumVisualStudioVersion = 10.0.40219.1
Project("{FAE04EC0-301F-11D3-BF4B-00C04F79EFBC}") = "lab6ex3", "lab6ex3.csproj", "{98860671-B6C6-4CCA-ADEC-3DFDDE31826D}"
EndProject
Global
	GlobalSection(SolutionConfigurationPlatforms) = preSolution
		Debug|Any CPU = Debug|Any CPU
		Release|Any CPU = Release|Any CPU
	EndGlobalSection
	GlobalSection(ProjectConfigurationPlatforms) = postSolution
		{98860671-B6C6-4CCA-ADEC-3DFDDE31826D}.Debug|Any CPU.ActiveCfg = Debug|Any CPU
		{98860671-B6C6-4CCA-ADEC-3DFDDE31826D}.Debug|Any CPU.Build.0 = Debug|Any CPU
		{98860671-B6C6-4CCA-ADEC-3DFDDE31826D}.Release|Any CPU.ActiveCfg = Release|Any CPU
		{98860671-B6C6-4CCA-ADEC-3DFDDE31826D}.Release|Any CPU.Build.0 = Release|Any CPU
	EndGlobalSection
	GlobalSection(SolutionProperties) = preSolution
		HideSolutionNode = FALSE
	EndGlobalSection
	GlobalSection(ExtensibilityGlobals) = postSolution
		SolutionGuid = {AE26D2E9-2AFA-457B-8364-031E260260E8}
	EndGlobalSection
EndGlobal
