
Microsoft Visual Studio Solution File, Format Version 12.00
# Visual Studio Version 16
VisualStudioVersion = 16.0.30611.23
MinimumVisualStudioVersion = 10.0.40219.1
Project("{FAE04EC0-301F-11D3-BF4B-00C04F79EFBC}") = "lab9ex1", "lab9ex1.csproj", "{63915491-79BF-4D38-9A8A-AEFB6D053A21}"
EndProject
Global
	GlobalSection(SolutionConfigurationPlatforms) = preSolution
		Debug|Any CPU = Debug|Any CPU
		Release|Any CPU = Release|Any CPU
	EndGlobalSection
	GlobalSection(ProjectConfigurationPlatforms) = postSolution
		{63915491-79BF-4D38-9A8A-AEFB6D053A21}.Debug|Any CPU.ActiveCfg = Debug|Any CPU
		{63915491-79BF-4D38-9A8A-AEFB6D053A21}.Debug|Any CPU.Build.0 = Debug|Any CPU
		{63915491-79BF-4D38-9A8A-AEFB6D053A21}.Release|Any CPU.ActiveCfg = Release|Any CPU
		{63915491-79BF-4D38-9A8A-AEFB6D053A21}.Release|Any CPU.Build.0 = Release|Any CPU
	EndGlobalSection
	GlobalSection(SolutionProperties) = preSolution
		HideSolutionNode = FALSE
	EndGlobalSection
	GlobalSection(ExtensibilityGlobals) = postSolution
		SolutionGuid = {84F060E2-5CBE-4D3D-8436-1E848DC0E9C9}
	EndGlobalSection
EndGlobal
