
Microsoft Visual Studio Solution File, Format Version 12.00
# Visual Studio Version 16
VisualStudioVersion = 16.0.30611.23
MinimumVisualStudioVersion = 10.0.40219.1
Project("{FAE04EC0-301F-11D3-BF4B-00C04F79EFBC}") = "lab3ex5", "lab3ex5.csproj", "{C3D0107D-855A-4C6C-9904-1F2B55FFE570}"
EndProject
Global
	GlobalSection(SolutionConfigurationPlatforms) = preSolution
		Debug|Any CPU = Debug|Any CPU
		Release|Any CPU = Release|Any CPU
	EndGlobalSection
	GlobalSection(ProjectConfigurationPlatforms) = postSolution
		{C3D0107D-855A-4C6C-9904-1F2B55FFE570}.Debug|Any CPU.ActiveCfg = Debug|Any CPU
		{C3D0107D-855A-4C6C-9904-1F2B55FFE570}.Debug|Any CPU.Build.0 = Debug|Any CPU
		{C3D0107D-855A-4C6C-9904-1F2B55FFE570}.Release|Any CPU.ActiveCfg = Release|Any CPU
		{C3D0107D-855A-4C6C-9904-1F2B55FFE570}.Release|Any CPU.Build.0 = Release|Any CPU
	EndGlobalSection
	GlobalSection(SolutionProperties) = preSolution
		HideSolutionNode = FALSE
	EndGlobalSection
	GlobalSection(ExtensibilityGlobals) = postSolution
		SolutionGuid = {0D6EB4DD-ACFA-4C64-AA99-1B4CD4808F4F}
	EndGlobalSection
EndGlobal
