
Microsoft Visual Studio Solution File, Format Version 12.00
# Visual Studio Version 16
VisualStudioVersion = 16.0.30611.23
MinimumVisualStudioVersion = 10.0.40219.1
Project("{FAE04EC0-301F-11D3-BF4B-00C04F79EFBC}") = "lab6ex2", "lab6ex2.csproj", "{BA213B94-B447-4634-AE91-8D6DB1BB67BD}"
EndProject
Global
	GlobalSection(SolutionConfigurationPlatforms) = preSolution
		Debug|Any CPU = Debug|Any CPU
		Release|Any CPU = Release|Any CPU
	EndGlobalSection
	GlobalSection(ProjectConfigurationPlatforms) = postSolution
		{BA213B94-B447-4634-AE91-8D6DB1BB67BD}.Debug|Any CPU.ActiveCfg = Debug|Any CPU
		{BA213B94-B447-4634-AE91-8D6DB1BB67BD}.Debug|Any CPU.Build.0 = Debug|Any CPU
		{BA213B94-B447-4634-AE91-8D6DB1BB67BD}.Release|Any CPU.ActiveCfg = Release|Any CPU
		{BA213B94-B447-4634-AE91-8D6DB1BB67BD}.Release|Any CPU.Build.0 = Release|Any CPU
	EndGlobalSection
	GlobalSection(SolutionProperties) = preSolution
		HideSolutionNode = FALSE
	EndGlobalSection
	GlobalSection(ExtensibilityGlobals) = postSolution
		SolutionGuid = {169C5A88-C674-4763-AEB4-EF5D2559F362}
	EndGlobalSection
EndGlobal
