
Microsoft Visual Studio Solution File, Format Version 12.00
# Visual Studio Version 16
VisualStudioVersion = 16.0.30611.23
MinimumVisualStudioVersion = 10.0.40219.1
Project("{FAE04EC0-301F-11D3-BF4B-00C04F79EFBC}") = "lab9ex3", "lab9ex3.csproj", "{70BC5199-BC7E-4DD3-A238-8917C1AE47D7}"
EndProject
Global
	GlobalSection(SolutionConfigurationPlatforms) = preSolution
		Debug|Any CPU = Debug|Any CPU
		Release|Any CPU = Release|Any CPU
	EndGlobalSection
	GlobalSection(ProjectConfigurationPlatforms) = postSolution
		{70BC5199-BC7E-4DD3-A238-8917C1AE47D7}.Debug|Any CPU.ActiveCfg = Debug|Any CPU
		{70BC5199-BC7E-4DD3-A238-8917C1AE47D7}.Debug|Any CPU.Build.0 = Debug|Any CPU
		{70BC5199-BC7E-4DD3-A238-8917C1AE47D7}.Release|Any CPU.ActiveCfg = Release|Any CPU
		{70BC5199-BC7E-4DD3-A238-8917C1AE47D7}.Release|Any CPU.Build.0 = Release|Any CPU
	EndGlobalSection
	GlobalSection(SolutionProperties) = preSolution
		HideSolutionNode = FALSE
	EndGlobalSection
	GlobalSection(ExtensibilityGlobals) = postSolution
		SolutionGuid = {D3DBA2E7-F53C-4FBE-971A-168B7169792D}
	EndGlobalSection
EndGlobal
